
Microsoft Visual Studio Solution File, Format Version 12.00
# Visual Studio 15
VisualStudioVersion = 15.0.27130.2036
MinimumVisualStudioVersion = 10.0.40219.1
Project("{FAE04EC0-301F-11D3-BF4B-00C04F79EFBC}") = "YTMusicDL", "YTMusicDL\YTMusicDL.csproj", "{761C7379-851A-400A-B145-D2357B8591C4}"
EndProject
Global
	GlobalSection(SolutionConfigurationPlatforms) = preSolution
		Debug|Any CPU = Debug|Any CPU
		Release|Any CPU = Release|Any CPU
	EndGlobalSection
	GlobalSection(ProjectConfigurationPlatforms) = postSolution
		{761C7379-851A-400A-B145-D2357B8591C4}.Debug|Any CPU.ActiveCfg = Debug|Any CPU
		{761C7379-851A-400A-B145-D2357B8591C4}.Debug|Any CPU.Build.0 = Debug|Any CPU
		{761C7379-851A-400A-B145-D2357B8591C4}.Release|Any CPU.ActiveCfg = Release|Any CPU
		{761C7379-851A-400A-B145-D2357B8591C4}.Release|Any CPU.Build.0 = Release|Any CPU
	EndGlobalSection
	GlobalSection(SolutionProperties) = preSolution
		HideSolutionNode = FALSE
	EndGlobalSection
	GlobalSection(ExtensibilityGlobals) = postSolution
		SolutionGuid = {AEFC4B44-93ED-43F2-9D6D-0E3C36D60C89}
	EndGlobalSection
EndGlobal
